
Microsoft Visual Studio Solution File, Format Version 12.00
# Visual Studio Version 16
VisualStudioVersion = 16.0.29409.12
MinimumVisualStudioVersion = 10.0.40219.1
Project("{FAE04EC0-301F-11D3-BF4B-00C04F79EFBC}") = "FizzBuzz", "FizzBuzz\FizzBuzz.csproj", "{C06C7A9B-2640-48E8-A02C-03B14DCA70DA}"
EndProject
Project("{FAE04EC0-301F-11D3-BF4B-00C04F79EFBC}") = "FizzBuzz.QualityAssurance", "FizzBuzz.QualityAssurance\FizzBuzz.QualityAssurance.csproj", "{866821AD-53A0-4628-ABCD-0851B5A2AE8A}"
EndProject
Global
	GlobalSection(SolutionConfigurationPlatforms) = preSolution
		Debug|Any CPU = Debug|Any CPU
		Release|Any CPU = Release|Any CPU
	EndGlobalSection
	GlobalSection(ProjectConfigurationPlatforms) = postSolution
		{C06C7A9B-2640-48E8-A02C-03B14DCA70DA}.Debug|Any CPU.ActiveCfg = Debug|Any CPU
		{C06C7A9B-2640-48E8-A02C-03B14DCA70DA}.Debug|Any CPU.Build.0 = Debug|Any CPU
		{C06C7A9B-2640-48E8-A02C-03B14DCA70DA}.Release|Any CPU.ActiveCfg = Release|Any CPU
		{C06C7A9B-2640-48E8-A02C-03B14DCA70DA}.Release|Any CPU.Build.0 = Release|Any CPU
		{866821AD-53A0-4628-ABCD-0851B5A2AE8A}.Debug|Any CPU.ActiveCfg = Debug|Any CPU
		{866821AD-53A0-4628-ABCD-0851B5A2AE8A}.Debug|Any CPU.Build.0 = Debug|Any CPU
		{866821AD-53A0-4628-ABCD-0851B5A2AE8A}.Release|Any CPU.ActiveCfg = Release|Any CPU
		{866821AD-53A0-4628-ABCD-0851B5A2AE8A}.Release|Any CPU.Build.0 = Release|Any CPU
	EndGlobalSection
	GlobalSection(SolutionProperties) = preSolution
		HideSolutionNode = FALSE
	EndGlobalSection
	GlobalSection(ExtensibilityGlobals) = postSolution
		SolutionGuid = {EC2FBB1A-2B12-4CE8-954A-AFA226EB2DB0}
	EndGlobalSection
EndGlobal
